
Microsoft Visual Studio Solution File, Format Version 12.00
# Visual Studio 15
VisualStudioVersion = 15.0.28307.572
MinimumVisualStudioVersion = 10.0.40219.1
Project("{8BC9CEB8-8B4A-11D0-8D11-00A0C91BC942}") = "Tomato", "Tomato\Tomato.vcxproj", "{05F563BB-858D-44AE-AB03-3D76CAAB7338}"
EndProject
Project("{8BC9CEB8-8B4A-11D0-8D11-00A0C91BC942}") = "Bipartite", "Bipartite\Bipartite.vcxproj", "{EB97D1C8-552F-4E1F-A628-96F8E388DDE5}"
EndProject
Project("{8BC9CEB8-8B4A-11D0-8D11-00A0C91BC942}") = "Cabbage", "Cabbage\Cabbage.vcxproj", "{42070BB5-9B06-402C-B804-9262ED7B8882}"
EndProject
Project("{8BC9CEB8-8B4A-11D0-8D11-00A0C91BC942}") = "Alps_test", "Alps_test\Alps_test.vcxproj", "{DF1DD9ED-85AD-4138-B42E-D27F56EEEAC2}"
EndProject
Project("{8BC9CEB8-8B4A-11D0-8D11-00A0C91BC942}") = "NotDecreaseNum", "NotDecreaseNum\NotDecreaseNum.vcxproj", "{7D3E4C67-7A1E-48A4-8E3D-2AB182D7B543}"
EndProject
Project("{8BC9CEB8-8B4A-11D0-8D11-00A0C91BC942}") = "Padoban", "Padoban\Padoban.vcxproj", "{9F65B0E1-E546-4D66-89D8-A358437C0D64}"
EndProject
Project("{8BC9CEB8-8B4A-11D0-8D11-00A0C91BC942}") = "StartAndLink", "StartAndLink\StartAndLink.vcxproj", "{46505180-D27D-440C-9D30-F37B2EA0BBBA}"
EndProject
Project("{8BC9CEB8-8B4A-11D0-8D11-00A0C91BC942}") = "DFSBFS", "ICPC\ICPC.vcxproj", "{34CD3881-F25A-4912-A590-BCA3A51D6666}"
EndProject
Project("{8BC9CEB8-8B4A-11D0-8D11-00A0C91BC942}") = "Virus", "Virus\Virus.vcxproj", "{F54C363D-17D5-4CEC-BC84-25812029CA16}"
EndProject
Project("{8BC9CEB8-8B4A-11D0-8D11-00A0C91BC942}") = "HideNSeek", "HideNSeek\HideNSeek.vcxproj", "{69410A0F-C150-4210-AC26-C067D74BB228}"
EndProject
Project("{8BC9CEB8-8B4A-11D0-8D11-00A0C91BC942}") = "StartLink", "StartLink\StartLink.vcxproj", "{43F0B5D2-8A69-4EF7-9019-33F1B2C2A950}"
EndProject
Project("{8BC9CEB8-8B4A-11D0-8D11-00A0C91BC942}") = "KevinBaken", "KevinBaken\KevinBaken.vcxproj", "{DD5087C2-AD39-433B-85BC-6117F68092D3}"
EndProject
Project("{8BC9CEB8-8B4A-11D0-8D11-00A0C91BC942}") = "WalkAndBeer", "WalkAndBeer\WalkAndBeer.vcxproj", "{5D5D1EC4-A236-4F9E-9BB2-F4296382AB4B}"
EndProject
Project("{8BC9CEB8-8B4A-11D0-8D11-00A0C91BC942}") = "RecoverNetwork", "RecoverNetwork\RecoverNetwork.vcxproj", "{FD7D942A-D1A5-43E2-A93B-8ED2B1B3F1D9}"
EndProject
Project("{8BC9CEB8-8B4A-11D0-8D11-00A0C91BC942}") = "SeongBum_Interview", "SeongBum_Interview\SeongBum_Interview.vcxproj", "{880D8F2F-884F-4018-B39E-C9453B22BE00}"
EndProject
Project("{8BC9CEB8-8B4A-11D0-8D11-00A0C91BC942}") = "Dijkstra", "Dijkstra\Dijkstra.vcxproj", "{6A5338EB-A668-4A35-9855-9E5F31B111E7}"
EndProject
Project("{8BC9CEB8-8B4A-11D0-8D11-00A0C91BC942}") = "Simulation", "Simulation\Simulation.vcxproj", "{96B3D23F-9DEB-4A46-9FDD-624DD5F1D76E}"
EndProject
Project("{8BC9CEB8-8B4A-11D0-8D11-00A0C91BC942}") = "Sort", "Sort\Sort.vcxproj", "{39CAE6F6-D39C-4737-88E8-0498A61E6119}"
EndProject
Global
	GlobalSection(SolutionConfigurationPlatforms) = preSolution
		Debug|x64 = Debug|x64
		Debug|x86 = Debug|x86
		Release|x64 = Release|x64
		Release|x86 = Release|x86
	EndGlobalSection
	GlobalSection(ProjectConfigurationPlatforms) = postSolution
		{05F563BB-858D-44AE-AB03-3D76CAAB7338}.Debug|x64.ActiveCfg = Debug|x64
		{05F563BB-858D-44AE-AB03-3D76CAAB7338}.Debug|x64.Build.0 = Debug|x64
		{05F563BB-858D-44AE-AB03-3D76CAAB7338}.Debug|x86.ActiveCfg = Debug|Win32
		{05F563BB-858D-44AE-AB03-3D76CAAB7338}.Debug|x86.Build.0 = Debug|Win32
		{05F563BB-858D-44AE-AB03-3D76CAAB7338}.Release|x64.ActiveCfg = Release|x64
		{05F563BB-858D-44AE-AB03-3D76CAAB7338}.Release|x64.Build.0 = Release|x64
		{05F563BB-858D-44AE-AB03-3D76CAAB7338}.Release|x86.ActiveCfg = Release|Win32
		{05F563BB-858D-44AE-AB03-3D76CAAB7338}.Release|x86.Build.0 = Release|Win32
		{EB97D1C8-552F-4E1F-A628-96F8E388DDE5}.Debug|x64.ActiveCfg = Debug|x64
		{EB97D1C8-552F-4E1F-A628-96F8E388DDE5}.Debug|x64.Build.0 = Debug|x64
		{EB97D1C8-552F-4E1F-A628-96F8E388DDE5}.Debug|x86.ActiveCfg = Debug|Win32
		{EB97D1C8-552F-4E1F-A628-96F8E388DDE5}.Debug|x86.Build.0 = Debug|Win32
		{EB97D1C8-552F-4E1F-A628-96F8E388DDE5}.Release|x64.ActiveCfg = Release|x64
		{EB97D1C8-552F-4E1F-A628-96F8E388DDE5}.Release|x64.Build.0 = Release|x64
		{EB97D1C8-552F-4E1F-A628-96F8E388DDE5}.Release|x86.ActiveCfg = Release|Win32
		{EB97D1C8-552F-4E1F-A628-96F8E388DDE5}.Release|x86.Build.0 = Release|Win32
		{42070BB5-9B06-402C-B804-9262ED7B8882}.Debug|x64.ActiveCfg = Debug|x64
		{42070BB5-9B06-402C-B804-9262ED7B8882}.Debug|x64.Build.0 = Debug|x64
		{42070BB5-9B06-402C-B804-9262ED7B8882}.Debug|x86.ActiveCfg = Debug|Win32
		{42070BB5-9B06-402C-B804-9262ED7B8882}.Debug|x86.Build.0 = Debug|Win32
		{42070BB5-9B06-402C-B804-9262ED7B8882}.Release|x64.ActiveCfg = Release|x64
		{42070BB5-9B06-402C-B804-9262ED7B8882}.Release|x64.Build.0 = Release|x64
		{42070BB5-9B06-402C-B804-9262ED7B8882}.Release|x86.ActiveCfg = Release|Win32
		{42070BB5-9B06-402C-B804-9262ED7B8882}.Release|x86.Build.0 = Release|Win32
		{DF1DD9ED-85AD-4138-B42E-D27F56EEEAC2}.Debug|x64.ActiveCfg = Debug|x64
		{DF1DD9ED-85AD-4138-B42E-D27F56EEEAC2}.Debug|x64.Build.0 = Debug|x64
		{DF1DD9ED-85AD-4138-B42E-D27F56EEEAC2}.Debug|x86.ActiveCfg = Debug|Win32
		{DF1DD9ED-85AD-4138-B42E-D27F56EEEAC2}.Debug|x86.Build.0 = Debug|Win32
		{DF1DD9ED-85AD-4138-B42E-D27F56EEEAC2}.Release|x64.ActiveCfg = Release|x64
		{DF1DD9ED-85AD-4138-B42E-D27F56EEEAC2}.Release|x64.Build.0 = Release|x64
		{DF1DD9ED-85AD-4138-B42E-D27F56EEEAC2}.Release|x86.ActiveCfg = Release|Win32
		{DF1DD9ED-85AD-4138-B42E-D27F56EEEAC2}.Release|x86.Build.0 = Release|Win32
		{7D3E4C67-7A1E-48A4-8E3D-2AB182D7B543}.Debug|x64.ActiveCfg = Debug|x64
		{7D3E4C67-7A1E-48A4-8E3D-2AB182D7B543}.Debug|x64.Build.0 = Debug|x64
		{7D3E4C67-7A1E-48A4-8E3D-2AB182D7B543}.Debug|x86.ActiveCfg = Debug|Win32
		{7D3E4C67-7A1E-48A4-8E3D-2AB182D7B543}.Debug|x86.Build.0 = Debug|Win32
		{7D3E4C67-7A1E-48A4-8E3D-2AB182D7B543}.Release|x64.ActiveCfg = Release|x64
		{7D3E4C67-7A1E-48A4-8E3D-2AB182D7B543}.Release|x64.Build.0 = Release|x64
		{7D3E4C67-7A1E-48A4-8E3D-2AB182D7B543}.Release|x86.ActiveCfg = Release|Win32
		{7D3E4C67-7A1E-48A4-8E3D-2AB182D7B543}.Release|x86.Build.0 = Release|Win32
		{9F65B0E1-E546-4D66-89D8-A358437C0D64}.Debug|x64.ActiveCfg = Debug|x64
		{9F65B0E1-E546-4D66-89D8-A358437C0D64}.Debug|x64.Build.0 = Debug|x64
		{9F65B0E1-E546-4D66-89D8-A358437C0D64}.Debug|x86.ActiveCfg = Debug|Win32
		{9F65B0E1-E546-4D66-89D8-A358437C0D64}.Debug|x86.Build.0 = Debug|Win32
		{9F65B0E1-E546-4D66-89D8-A358437C0D64}.Release|x64.ActiveCfg = Release|x64
		{9F65B0E1-E546-4D66-89D8-A358437C0D64}.Release|x64.Build.0 = Release|x64
		{9F65B0E1-E546-4D66-89D8-A358437C0D64}.Release|x86.ActiveCfg = Release|Win32
		{9F65B0E1-E546-4D66-89D8-A358437C0D64}.Release|x86.Build.0 = Release|Win32
		{46505180-D27D-440C-9D30-F37B2EA0BBBA}.Debug|x64.ActiveCfg = Debug|x64
		{46505180-D27D-440C-9D30-F37B2EA0BBBA}.Debug|x64.Build.0 = Debug|x64
		{46505180-D27D-440C-9D30-F37B2EA0BBBA}.Debug|x86.ActiveCfg = Debug|Win32
		{46505180-D27D-440C-9D30-F37B2EA0BBBA}.Debug|x86.Build.0 = Debug|Win32
		{46505180-D27D-440C-9D30-F37B2EA0BBBA}.Release|x64.ActiveCfg = Release|x64
		{46505180-D27D-440C-9D30-F37B2EA0BBBA}.Release|x64.Build.0 = Release|x64
		{46505180-D27D-440C-9D30-F37B2EA0BBBA}.Release|x86.ActiveCfg = Release|Win32
		{46505180-D27D-440C-9D30-F37B2EA0BBBA}.Release|x86.Build.0 = Release|Win32
		{34CD3881-F25A-4912-A590-BCA3A51D6666}.Debug|x64.ActiveCfg = Debug|x64
		{34CD3881-F25A-4912-A590-BCA3A51D6666}.Debug|x64.Build.0 = Debug|x64
		{34CD3881-F25A-4912-A590-BCA3A51D6666}.Debug|x86.ActiveCfg = Debug|Win32
		{34CD3881-F25A-4912-A590-BCA3A51D6666}.Debug|x86.Build.0 = Debug|Win32
		{34CD3881-F25A-4912-A590-BCA3A51D6666}.Release|x64.ActiveCfg = Release|x64
		{34CD3881-F25A-4912-A590-BCA3A51D6666}.Release|x64.Build.0 = Release|x64
		{34CD3881-F25A-4912-A590-BCA3A51D6666}.Release|x86.ActiveCfg = Release|Win32
		{34CD3881-F25A-4912-A590-BCA3A51D6666}.Release|x86.Build.0 = Release|Win32
		{F54C363D-17D5-4CEC-BC84-25812029CA16}.Debug|x64.ActiveCfg = Debug|x64
		{F54C363D-17D5-4CEC-BC84-25812029CA16}.Debug|x64.Build.0 = Debug|x64
		{F54C363D-17D5-4CEC-BC84-25812029CA16}.Debug|x86.ActiveCfg = Debug|Win32
		{F54C363D-17D5-4CEC-BC84-25812029CA16}.Debug|x86.Build.0 = Debug|Win32
		{F54C363D-17D5-4CEC-BC84-25812029CA16}.Release|x64.ActiveCfg = Release|x64
		{F54C363D-17D5-4CEC-BC84-25812029CA16}.Release|x64.Build.0 = Release|x64
		{F54C363D-17D5-4CEC-BC84-25812029CA16}.Release|x86.ActiveCfg = Release|Win32
		{F54C363D-17D5-4CEC-BC84-25812029CA16}.Release|x86.Build.0 = Release|Win32
		{69410A0F-C150-4210-AC26-C067D74BB228}.Debug|x64.ActiveCfg = Debug|x64
		{69410A0F-C150-4210-AC26-C067D74BB228}.Debug|x64.Build.0 = Debug|x64
		{69410A0F-C150-4210-AC26-C067D74BB228}.Debug|x86.ActiveCfg = Debug|Win32
		{69410A0F-C150-4210-AC26-C067D74BB228}.Debug|x86.Build.0 = Debug|Win32
		{69410A0F-C150-4210-AC26-C067D74BB228}.Release|x64.ActiveCfg = Release|x64
		{69410A0F-C150-4210-AC26-C067D74BB228}.Release|x64.Build.0 = Release|x64
		{69410A0F-C150-4210-AC26-C067D74BB228}.Release|x86.ActiveCfg = Release|Win32
		{69410A0F-C150-4210-AC26-C067D74BB228}.Release|x86.Build.0 = Release|Win32
		{43F0B5D2-8A69-4EF7-9019-33F1B2C2A950}.Debug|x64.ActiveCfg = Debug|x64
		{43F0B5D2-8A69-4EF7-9019-33F1B2C2A950}.Debug|x64.Build.0 = Debug|x64
		{43F0B5D2-8A69-4EF7-9019-33F1B2C2A950}.Debug|x86.ActiveCfg = Debug|Win32
		{43F0B5D2-8A69-4EF7-9019-33F1B2C2A950}.Debug|x86.Build.0 = Debug|Win32
		{43F0B5D2-8A69-4EF7-9019-33F1B2C2A950}.Release|x64.ActiveCfg = Release|x64
		{43F0B5D2-8A69-4EF7-9019-33F1B2C2A950}.Release|x64.Build.0 = Release|x64
		{43F0B5D2-8A69-4EF7-9019-33F1B2C2A950}.Release|x86.ActiveCfg = Release|Win32
		{43F0B5D2-8A69-4EF7-9019-33F1B2C2A950}.Release|x86.Build.0 = Release|Win32
		{DD5087C2-AD39-433B-85BC-6117F68092D3}.Debug|x64.ActiveCfg = Debug|x64
		{DD5087C2-AD39-433B-85BC-6117F68092D3}.Debug|x64.Build.0 = Debug|x64
		{DD5087C2-AD39-433B-85BC-6117F68092D3}.Debug|x86.ActiveCfg = Debug|Win32
		{DD5087C2-AD39-433B-85BC-6117F68092D3}.Debug|x86.Build.0 = Debug|Win32
		{DD5087C2-AD39-433B-85BC-6117F68092D3}.Release|x64.ActiveCfg = Release|x64
		{DD5087C2-AD39-433B-85BC-6117F68092D3}.Release|x64.Build.0 = Release|x64
		{DD5087C2-AD39-433B-85BC-6117F68092D3}.Release|x86.ActiveCfg = Release|Win32
		{DD5087C2-AD39-433B-85BC-6117F68092D3}.Release|x86.Build.0 = Release|Win32
		{5D5D1EC4-A236-4F9E-9BB2-F4296382AB4B}.Debug|x64.ActiveCfg = Debug|x64
		{5D5D1EC4-A236-4F9E-9BB2-F4296382AB4B}.Debug|x64.Build.0 = Debug|x64
		{5D5D1EC4-A236-4F9E-9BB2-F4296382AB4B}.Debug|x86.ActiveCfg = Debug|Win32
		{5D5D1EC4-A236-4F9E-9BB2-F4296382AB4B}.Debug|x86.Build.0 = Debug|Win32
		{5D5D1EC4-A236-4F9E-9BB2-F4296382AB4B}.Release|x64.ActiveCfg = Release|x64
		{5D5D1EC4-A236-4F9E-9BB2-F4296382AB4B}.Release|x64.Build.0 = Release|x64
		{5D5D1EC4-A236-4F9E-9BB2-F4296382AB4B}.Release|x86.ActiveCfg = Release|Win32
		{5D5D1EC4-A236-4F9E-9BB2-F4296382AB4B}.Release|x86.Build.0 = Release|Win32
		{FD7D942A-D1A5-43E2-A93B-8ED2B1B3F1D9}.Debug|x64.ActiveCfg = Debug|x64
		{FD7D942A-D1A5-43E2-A93B-8ED2B1B3F1D9}.Debug|x64.Build.0 = Debug|x64
		{FD7D942A-D1A5-43E2-A93B-8ED2B1B3F1D9}.Debug|x86.ActiveCfg = Debug|Win32
		{FD7D942A-D1A5-43E2-A93B-8ED2B1B3F1D9}.Debug|x86.Build.0 = Debug|Win32
		{FD7D942A-D1A5-43E2-A93B-8ED2B1B3F1D9}.Release|x64.ActiveCfg = Release|x64
		{FD7D942A-D1A5-43E2-A93B-8ED2B1B3F1D9}.Release|x64.Build.0 = Release|x64
		{FD7D942A-D1A5-43E2-A93B-8ED2B1B3F1D9}.Release|x86.ActiveCfg = Release|Win32
		{FD7D942A-D1A5-43E2-A93B-8ED2B1B3F1D9}.Release|x86.Build.0 = Release|Win32
		{880D8F2F-884F-4018-B39E-C9453B22BE00}.Debug|x64.ActiveCfg = Debug|x64
		{880D8F2F-884F-4018-B39E-C9453B22BE00}.Debug|x64.Build.0 = Debug|x64
		{880D8F2F-884F-4018-B39E-C9453B22BE00}.Debug|x86.ActiveCfg = Debug|Win32
		{880D8F2F-884F-4018-B39E-C9453B22BE00}.Debug|x86.Build.0 = Debug|Win32
		{880D8F2F-884F-4018-B39E-C9453B22BE00}.Release|x64.ActiveCfg = Release|x64
		{880D8F2F-884F-4018-B39E-C9453B22BE00}.Release|x64.Build.0 = Release|x64
		{880D8F2F-884F-4018-B39E-C9453B22BE00}.Release|x86.ActiveCfg = Release|Win32
		{880D8F2F-884F-4018-B39E-C9453B22BE00}.Release|x86.Build.0 = Release|Win32
		{6A5338EB-A668-4A35-9855-9E5F31B111E7}.Debug|x64.ActiveCfg = Debug|x64
		{6A5338EB-A668-4A35-9855-9E5F31B111E7}.Debug|x64.Build.0 = Debug|x64
		{6A5338EB-A668-4A35-9855-9E5F31B111E7}.Debug|x86.ActiveCfg = Debug|Win32
		{6A5338EB-A668-4A35-9855-9E5F31B111E7}.Debug|x86.Build.0 = Debug|Win32
		{6A5338EB-A668-4A35-9855-9E5F31B111E7}.Release|x64.ActiveCfg = Release|x64
		{6A5338EB-A668-4A35-9855-9E5F31B111E7}.Release|x64.Build.0 = Release|x64
		{6A5338EB-A668-4A35-9855-9E5F31B111E7}.Release|x86.ActiveCfg = Release|Win32
		{6A5338EB-A668-4A35-9855-9E5F31B111E7}.Release|x86.Build.0 = Release|Win32
		{96B3D23F-9DEB-4A46-9FDD-624DD5F1D76E}.Debug|x64.ActiveCfg = Debug|x64
		{96B3D23F-9DEB-4A46-9FDD-624DD5F1D76E}.Debug|x64.Build.0 = Debug|x64
		{96B3D23F-9DEB-4A46-9FDD-624DD5F1D76E}.Debug|x86.ActiveCfg = Debug|Win32
		{96B3D23F-9DEB-4A46-9FDD-624DD5F1D76E}.Debug|x86.Build.0 = Debug|Win32
		{96B3D23F-9DEB-4A46-9FDD-624DD5F1D76E}.Release|x64.ActiveCfg = Release|x64
		{96B3D23F-9DEB-4A46-9FDD-624DD5F1D76E}.Release|x64.Build.0 = Release|x64
		{96B3D23F-9DEB-4A46-9FDD-624DD5F1D76E}.Release|x86.ActiveCfg = Release|Win32
		{96B3D23F-9DEB-4A46-9FDD-624DD5F1D76E}.Release|x86.Build.0 = Release|Win32
		{39CAE6F6-D39C-4737-88E8-0498A61E6119}.Debug|x64.ActiveCfg = Debug|x64
		{39CAE6F6-D39C-4737-88E8-0498A61E6119}.Debug|x64.Build.0 = Debug|x64
		{39CAE6F6-D39C-4737-88E8-0498A61E6119}.Debug|x86.ActiveCfg = Debug|Win32
		{39CAE6F6-D39C-4737-88E8-0498A61E6119}.Debug|x86.Build.0 = Debug|Win32
		{39CAE6F6-D39C-4737-88E8-0498A61E6119}.Release|x64.ActiveCfg = Release|x64
		{39CAE6F6-D39C-4737-88E8-0498A61E6119}.Release|x64.Build.0 = Release|x64
		{39CAE6F6-D39C-4737-88E8-0498A61E6119}.Release|x86.ActiveCfg = Release|Win32
		{39CAE6F6-D39C-4737-88E8-0498A61E6119}.Release|x86.Build.0 = Release|Win32
	EndGlobalSection
	GlobalSection(SolutionProperties) = preSolution
		HideSolutionNode = FALSE
	EndGlobalSection
	GlobalSection(ExtensibilityGlobals) = postSolution
		SolutionGuid = {24CCD9EC-C9FD-41EA-BEEB-37BE344329EF}
	EndGlobalSection
EndGlobal
