
Microsoft Visual Studio Solution File, Format Version 12.00
# Visual Studio 15
VisualStudioVersion = 15.0.28307.572
MinimumVisualStudioVersion = 10.0.40219.1
Project("{8BC9CEB8-8B4A-11D0-8D11-00A0C91BC942}") = "RollCake", "RollCake\RollCake.vcxproj", "{2999FAA9-0D71-49F7-B089-FDFAFF9CDD5E}"
EndProject
Project("{8BC9CEB8-8B4A-11D0-8D11-00A0C91BC942}") = "Tomato", "Tomato\Tomato.vcxproj", "{05F563BB-858D-44AE-AB03-3D76CAAB7338}"
EndProject
Project("{8BC9CEB8-8B4A-11D0-8D11-00A0C91BC942}") = "MoveLog", "MoveLog\MoveLog.vcxproj", "{8E09881A-40A4-406A-B942-227CC259D8AB}"
EndProject
Project("{8BC9CEB8-8B4A-11D0-8D11-00A0C91BC942}") = "Bipartite", "Bipartite\Bipartite.vcxproj", "{EB97D1C8-552F-4E1F-A628-96F8E388DDE5}"
EndProject
Project("{8BC9CEB8-8B4A-11D0-8D11-00A0C91BC942}") = "Cabbage", "Cabbage\Cabbage.vcxproj", "{42070BB5-9B06-402C-B804-9262ED7B8882}"
EndProject
Project("{8BC9CEB8-8B4A-11D0-8D11-00A0C91BC942}") = "Theater", "Theater\Theater.vcxproj", "{1447308C-05E1-4F1C-99CC-FDD56D5F88A3}"
EndProject
Project("{8BC9CEB8-8B4A-11D0-8D11-00A0C91BC942}") = "Portal", "Portal\Portal.vcxproj", "{07A4C650-0F34-4ABD-87CB-D277C262F078}"
EndProject
Project("{8BC9CEB8-8B4A-11D0-8D11-00A0C91BC942}") = "Alps_test", "Alps_test\Alps_test.vcxproj", "{DF1DD9ED-85AD-4138-B42E-D27F56EEEAC2}"
EndProject
Project("{8BC9CEB8-8B4A-11D0-8D11-00A0C91BC942}") = "Jail", "Jail\Jail.vcxproj", "{44D31332-8F9B-4886-AE93-07291C4103B2}"
EndProject
Project("{8BC9CEB8-8B4A-11D0-8D11-00A0C91BC942}") = "NotDecreaseNum", "NotDecreaseNum\NotDecreaseNum.vcxproj", "{7D3E4C67-7A1E-48A4-8E3D-2AB182D7B543}"
EndProject
Project("{8BC9CEB8-8B4A-11D0-8D11-00A0C91BC942}") = "Padoban", "Padoban\Padoban.vcxproj", "{9F65B0E1-E546-4D66-89D8-A358437C0D64}"
EndProject
Project("{8BC9CEB8-8B4A-11D0-8D11-00A0C91BC942}") = "StartAndLink", "StartAndLink\StartAndLink.vcxproj", "{46505180-D27D-440C-9D30-F37B2EA0BBBA}"
EndProject
Project("{8BC9CEB8-8B4A-11D0-8D11-00A0C91BC942}") = "DragonCurve", "DragonCurve\DragonCurve.vcxproj", "{2D8F1850-5C2D-404E-99B2-74CF82BAB0E5}"
EndProject
Project("{8BC9CEB8-8B4A-11D0-8D11-00A0C91BC942}") = "DFSBFS", "ICPC\ICPC.vcxproj", "{34CD3881-F25A-4912-A590-BCA3A51D6666}"
EndProject
Project("{8BC9CEB8-8B4A-11D0-8D11-00A0C91BC942}") = "Virus", "Virus\Virus.vcxproj", "{F54C363D-17D5-4CEC-BC84-25812029CA16}"
EndProject
Project("{8BC9CEB8-8B4A-11D0-8D11-00A0C91BC942}") = "HideNSeek", "HideNSeek\HideNSeek.vcxproj", "{69410A0F-C150-4210-AC26-C067D74BB228}"
EndProject
Project("{8BC9CEB8-8B4A-11D0-8D11-00A0C91BC942}") = "StartLink", "StartLink\StartLink.vcxproj", "{43F0B5D2-8A69-4EF7-9019-33F1B2C2A950}"
EndProject
Project("{8BC9CEB8-8B4A-11D0-8D11-00A0C91BC942}") = "KevinBaken", "KevinBaken\KevinBaken.vcxproj", "{DD5087C2-AD39-433B-85BC-6117F68092D3}"
EndProject
Project("{8BC9CEB8-8B4A-11D0-8D11-00A0C91BC942}") = "ILoveCroatia", "ILoveCroatia\ILoveCroatia.vcxproj", "{0B990BA8-63C7-4674-96EA-3AEF289A3FFE}"
EndProject
Project("{8BC9CEB8-8B4A-11D0-8D11-00A0C91BC942}") = "WalkAndBeer", "WalkAndBeer\WalkAndBeer.vcxproj", "{5D5D1EC4-A236-4F9E-9BB2-F4296382AB4B}"
EndProject
Project("{8BC9CEB8-8B4A-11D0-8D11-00A0C91BC942}") = "RollingDice", "RollingDice\RollingDice.vcxproj", "{FF48C46E-1B42-438A-A2D0-B4A75C8864EC}"
EndProject
Project("{8BC9CEB8-8B4A-11D0-8D11-00A0C91BC942}") = "RobotSimulation", "RobotSimulation\RobotSimulation.vcxproj", "{B10013CD-5D52-4A33-8EA1-895FAE758101}"
EndProject
Project("{8BC9CEB8-8B4A-11D0-8D11-00A0C91BC942}") = "RecoverNetwork", "RecoverNetwork\RecoverNetwork.vcxproj", "{FD7D942A-D1A5-43E2-A93B-8ED2B1B3F1D9}"
EndProject
Project("{8BC9CEB8-8B4A-11D0-8D11-00A0C91BC942}") = "Pooling", "Pulling\Pulling.vcxproj", "{5EFA9058-E2AE-4655-8FC1-DD384BF84A02}"
EndProject
Global
	GlobalSection(SolutionConfigurationPlatforms) = preSolution
		Debug|x64 = Debug|x64
		Debug|x86 = Debug|x86
		Release|x64 = Release|x64
		Release|x86 = Release|x86
	EndGlobalSection
	GlobalSection(ProjectConfigurationPlatforms) = postSolution
		{2999FAA9-0D71-49F7-B089-FDFAFF9CDD5E}.Debug|x64.ActiveCfg = Debug|x64
		{2999FAA9-0D71-49F7-B089-FDFAFF9CDD5E}.Debug|x64.Build.0 = Debug|x64
		{2999FAA9-0D71-49F7-B089-FDFAFF9CDD5E}.Debug|x86.ActiveCfg = Debug|Win32
		{2999FAA9-0D71-49F7-B089-FDFAFF9CDD5E}.Debug|x86.Build.0 = Debug|Win32
		{2999FAA9-0D71-49F7-B089-FDFAFF9CDD5E}.Release|x64.ActiveCfg = Release|x64
		{2999FAA9-0D71-49F7-B089-FDFAFF9CDD5E}.Release|x64.Build.0 = Release|x64
		{2999FAA9-0D71-49F7-B089-FDFAFF9CDD5E}.Release|x86.ActiveCfg = Release|Win32
		{2999FAA9-0D71-49F7-B089-FDFAFF9CDD5E}.Release|x86.Build.0 = Release|Win32
		{05F563BB-858D-44AE-AB03-3D76CAAB7338}.Debug|x64.ActiveCfg = Debug|x64
		{05F563BB-858D-44AE-AB03-3D76CAAB7338}.Debug|x64.Build.0 = Debug|x64
		{05F563BB-858D-44AE-AB03-3D76CAAB7338}.Debug|x86.ActiveCfg = Debug|Win32
		{05F563BB-858D-44AE-AB03-3D76CAAB7338}.Debug|x86.Build.0 = Debug|Win32
		{05F563BB-858D-44AE-AB03-3D76CAAB7338}.Release|x64.ActiveCfg = Release|x64
		{05F563BB-858D-44AE-AB03-3D76CAAB7338}.Release|x64.Build.0 = Release|x64
		{05F563BB-858D-44AE-AB03-3D76CAAB7338}.Release|x86.ActiveCfg = Release|Win32
		{05F563BB-858D-44AE-AB03-3D76CAAB7338}.Release|x86.Build.0 = Release|Win32
		{8E09881A-40A4-406A-B942-227CC259D8AB}.Debug|x64.ActiveCfg = Debug|x64
		{8E09881A-40A4-406A-B942-227CC259D8AB}.Debug|x64.Build.0 = Debug|x64
		{8E09881A-40A4-406A-B942-227CC259D8AB}.Debug|x86.ActiveCfg = Debug|Win32
		{8E09881A-40A4-406A-B942-227CC259D8AB}.Debug|x86.Build.0 = Debug|Win32
		{8E09881A-40A4-406A-B942-227CC259D8AB}.Release|x64.ActiveCfg = Release|x64
		{8E09881A-40A4-406A-B942-227CC259D8AB}.Release|x64.Build.0 = Release|x64
		{8E09881A-40A4-406A-B942-227CC259D8AB}.Release|x86.ActiveCfg = Release|Win32
		{8E09881A-40A4-406A-B942-227CC259D8AB}.Release|x86.Build.0 = Release|Win32
		{EB97D1C8-552F-4E1F-A628-96F8E388DDE5}.Debug|x64.ActiveCfg = Debug|x64
		{EB97D1C8-552F-4E1F-A628-96F8E388DDE5}.Debug|x64.Build.0 = Debug|x64
		{EB97D1C8-552F-4E1F-A628-96F8E388DDE5}.Debug|x86.ActiveCfg = Debug|Win32
		{EB97D1C8-552F-4E1F-A628-96F8E388DDE5}.Debug|x86.Build.0 = Debug|Win32
		{EB97D1C8-552F-4E1F-A628-96F8E388DDE5}.Release|x64.ActiveCfg = Release|x64
		{EB97D1C8-552F-4E1F-A628-96F8E388DDE5}.Release|x64.Build.0 = Release|x64
		{EB97D1C8-552F-4E1F-A628-96F8E388DDE5}.Release|x86.ActiveCfg = Release|Win32
		{EB97D1C8-552F-4E1F-A628-96F8E388DDE5}.Release|x86.Build.0 = Release|Win32
		{42070BB5-9B06-402C-B804-9262ED7B8882}.Debug|x64.ActiveCfg = Debug|x64
		{42070BB5-9B06-402C-B804-9262ED7B8882}.Debug|x64.Build.0 = Debug|x64
		{42070BB5-9B06-402C-B804-9262ED7B8882}.Debug|x86.ActiveCfg = Debug|Win32
		{42070BB5-9B06-402C-B804-9262ED7B8882}.Debug|x86.Build.0 = Debug|Win32
		{42070BB5-9B06-402C-B804-9262ED7B8882}.Release|x64.ActiveCfg = Release|x64
		{42070BB5-9B06-402C-B804-9262ED7B8882}.Release|x64.Build.0 = Release|x64
		{42070BB5-9B06-402C-B804-9262ED7B8882}.Release|x86.ActiveCfg = Release|Win32
		{42070BB5-9B06-402C-B804-9262ED7B8882}.Release|x86.Build.0 = Release|Win32
		{1447308C-05E1-4F1C-99CC-FDD56D5F88A3}.Debug|x64.ActiveCfg = Debug|x64
		{1447308C-05E1-4F1C-99CC-FDD56D5F88A3}.Debug|x64.Build.0 = Debug|x64
		{1447308C-05E1-4F1C-99CC-FDD56D5F88A3}.Debug|x86.ActiveCfg = Debug|Win32
		{1447308C-05E1-4F1C-99CC-FDD56D5F88A3}.Debug|x86.Build.0 = Debug|Win32
		{1447308C-05E1-4F1C-99CC-FDD56D5F88A3}.Release|x64.ActiveCfg = Release|x64
		{1447308C-05E1-4F1C-99CC-FDD56D5F88A3}.Release|x64.Build.0 = Release|x64
		{1447308C-05E1-4F1C-99CC-FDD56D5F88A3}.Release|x86.ActiveCfg = Release|Win32
		{1447308C-05E1-4F1C-99CC-FDD56D5F88A3}.Release|x86.Build.0 = Release|Win32
		{07A4C650-0F34-4ABD-87CB-D277C262F078}.Debug|x64.ActiveCfg = Debug|x64
		{07A4C650-0F34-4ABD-87CB-D277C262F078}.Debug|x64.Build.0 = Debug|x64
		{07A4C650-0F34-4ABD-87CB-D277C262F078}.Debug|x86.ActiveCfg = Debug|Win32
		{07A4C650-0F34-4ABD-87CB-D277C262F078}.Debug|x86.Build.0 = Debug|Win32
		{07A4C650-0F34-4ABD-87CB-D277C262F078}.Release|x64.ActiveCfg = Release|x64
		{07A4C650-0F34-4ABD-87CB-D277C262F078}.Release|x64.Build.0 = Release|x64
		{07A4C650-0F34-4ABD-87CB-D277C262F078}.Release|x86.ActiveCfg = Release|Win32
		{07A4C650-0F34-4ABD-87CB-D277C262F078}.Release|x86.Build.0 = Release|Win32
		{DF1DD9ED-85AD-4138-B42E-D27F56EEEAC2}.Debug|x64.ActiveCfg = Debug|x64
		{DF1DD9ED-85AD-4138-B42E-D27F56EEEAC2}.Debug|x64.Build.0 = Debug|x64
		{DF1DD9ED-85AD-4138-B42E-D27F56EEEAC2}.Debug|x86.ActiveCfg = Debug|Win32
		{DF1DD9ED-85AD-4138-B42E-D27F56EEEAC2}.Debug|x86.Build.0 = Debug|Win32
		{DF1DD9ED-85AD-4138-B42E-D27F56EEEAC2}.Release|x64.ActiveCfg = Release|x64
		{DF1DD9ED-85AD-4138-B42E-D27F56EEEAC2}.Release|x64.Build.0 = Release|x64
		{DF1DD9ED-85AD-4138-B42E-D27F56EEEAC2}.Release|x86.ActiveCfg = Release|Win32
		{DF1DD9ED-85AD-4138-B42E-D27F56EEEAC2}.Release|x86.Build.0 = Release|Win32
		{44D31332-8F9B-4886-AE93-07291C4103B2}.Debug|x64.ActiveCfg = Debug|x64
		{44D31332-8F9B-4886-AE93-07291C4103B2}.Debug|x64.Build.0 = Debug|x64
		{44D31332-8F9B-4886-AE93-07291C4103B2}.Debug|x86.ActiveCfg = Debug|Win32
		{44D31332-8F9B-4886-AE93-07291C4103B2}.Debug|x86.Build.0 = Debug|Win32
		{44D31332-8F9B-4886-AE93-07291C4103B2}.Release|x64.ActiveCfg = Release|x64
		{44D31332-8F9B-4886-AE93-07291C4103B2}.Release|x64.Build.0 = Release|x64
		{44D31332-8F9B-4886-AE93-07291C4103B2}.Release|x86.ActiveCfg = Release|Win32
		{44D31332-8F9B-4886-AE93-07291C4103B2}.Release|x86.Build.0 = Release|Win32
		{7D3E4C67-7A1E-48A4-8E3D-2AB182D7B543}.Debug|x64.ActiveCfg = Debug|x64
		{7D3E4C67-7A1E-48A4-8E3D-2AB182D7B543}.Debug|x64.Build.0 = Debug|x64
		{7D3E4C67-7A1E-48A4-8E3D-2AB182D7B543}.Debug|x86.ActiveCfg = Debug|Win32
		{7D3E4C67-7A1E-48A4-8E3D-2AB182D7B543}.Debug|x86.Build.0 = Debug|Win32
		{7D3E4C67-7A1E-48A4-8E3D-2AB182D7B543}.Release|x64.ActiveCfg = Release|x64
		{7D3E4C67-7A1E-48A4-8E3D-2AB182D7B543}.Release|x64.Build.0 = Release|x64
		{7D3E4C67-7A1E-48A4-8E3D-2AB182D7B543}.Release|x86.ActiveCfg = Release|Win32
		{7D3E4C67-7A1E-48A4-8E3D-2AB182D7B543}.Release|x86.Build.0 = Release|Win32
		{9F65B0E1-E546-4D66-89D8-A358437C0D64}.Debug|x64.ActiveCfg = Debug|x64
		{9F65B0E1-E546-4D66-89D8-A358437C0D64}.Debug|x64.Build.0 = Debug|x64
		{9F65B0E1-E546-4D66-89D8-A358437C0D64}.Debug|x86.ActiveCfg = Debug|Win32
		{9F65B0E1-E546-4D66-89D8-A358437C0D64}.Debug|x86.Build.0 = Debug|Win32
		{9F65B0E1-E546-4D66-89D8-A358437C0D64}.Release|x64.ActiveCfg = Release|x64
		{9F65B0E1-E546-4D66-89D8-A358437C0D64}.Release|x64.Build.0 = Release|x64
		{9F65B0E1-E546-4D66-89D8-A358437C0D64}.Release|x86.ActiveCfg = Release|Win32
		{9F65B0E1-E546-4D66-89D8-A358437C0D64}.Release|x86.Build.0 = Release|Win32
		{46505180-D27D-440C-9D30-F37B2EA0BBBA}.Debug|x64.ActiveCfg = Debug|x64
		{46505180-D27D-440C-9D30-F37B2EA0BBBA}.Debug|x64.Build.0 = Debug|x64
		{46505180-D27D-440C-9D30-F37B2EA0BBBA}.Debug|x86.ActiveCfg = Debug|Win32
		{46505180-D27D-440C-9D30-F37B2EA0BBBA}.Debug|x86.Build.0 = Debug|Win32
		{46505180-D27D-440C-9D30-F37B2EA0BBBA}.Release|x64.ActiveCfg = Release|x64
		{46505180-D27D-440C-9D30-F37B2EA0BBBA}.Release|x64.Build.0 = Release|x64
		{46505180-D27D-440C-9D30-F37B2EA0BBBA}.Release|x86.ActiveCfg = Release|Win32
		{46505180-D27D-440C-9D30-F37B2EA0BBBA}.Release|x86.Build.0 = Release|Win32
		{2D8F1850-5C2D-404E-99B2-74CF82BAB0E5}.Debug|x64.ActiveCfg = Debug|x64
		{2D8F1850-5C2D-404E-99B2-74CF82BAB0E5}.Debug|x64.Build.0 = Debug|x64
		{2D8F1850-5C2D-404E-99B2-74CF82BAB0E5}.Debug|x86.ActiveCfg = Debug|Win32
		{2D8F1850-5C2D-404E-99B2-74CF82BAB0E5}.Debug|x86.Build.0 = Debug|Win32
		{2D8F1850-5C2D-404E-99B2-74CF82BAB0E5}.Release|x64.ActiveCfg = Release|x64
		{2D8F1850-5C2D-404E-99B2-74CF82BAB0E5}.Release|x64.Build.0 = Release|x64
		{2D8F1850-5C2D-404E-99B2-74CF82BAB0E5}.Release|x86.ActiveCfg = Release|Win32
		{2D8F1850-5C2D-404E-99B2-74CF82BAB0E5}.Release|x86.Build.0 = Release|Win32
		{34CD3881-F25A-4912-A590-BCA3A51D6666}.Debug|x64.ActiveCfg = Debug|x64
		{34CD3881-F25A-4912-A590-BCA3A51D6666}.Debug|x64.Build.0 = Debug|x64
		{34CD3881-F25A-4912-A590-BCA3A51D6666}.Debug|x86.ActiveCfg = Debug|Win32
		{34CD3881-F25A-4912-A590-BCA3A51D6666}.Debug|x86.Build.0 = Debug|Win32
		{34CD3881-F25A-4912-A590-BCA3A51D6666}.Release|x64.ActiveCfg = Release|x64
		{34CD3881-F25A-4912-A590-BCA3A51D6666}.Release|x64.Build.0 = Release|x64
		{34CD3881-F25A-4912-A590-BCA3A51D6666}.Release|x86.ActiveCfg = Release|Win32
		{34CD3881-F25A-4912-A590-BCA3A51D6666}.Release|x86.Build.0 = Release|Win32
		{F54C363D-17D5-4CEC-BC84-25812029CA16}.Debug|x64.ActiveCfg = Debug|x64
		{F54C363D-17D5-4CEC-BC84-25812029CA16}.Debug|x64.Build.0 = Debug|x64
		{F54C363D-17D5-4CEC-BC84-25812029CA16}.Debug|x86.ActiveCfg = Debug|Win32
		{F54C363D-17D5-4CEC-BC84-25812029CA16}.Debug|x86.Build.0 = Debug|Win32
		{F54C363D-17D5-4CEC-BC84-25812029CA16}.Release|x64.ActiveCfg = Release|x64
		{F54C363D-17D5-4CEC-BC84-25812029CA16}.Release|x64.Build.0 = Release|x64
		{F54C363D-17D5-4CEC-BC84-25812029CA16}.Release|x86.ActiveCfg = Release|Win32
		{F54C363D-17D5-4CEC-BC84-25812029CA16}.Release|x86.Build.0 = Release|Win32
		{69410A0F-C150-4210-AC26-C067D74BB228}.Debug|x64.ActiveCfg = Debug|x64
		{69410A0F-C150-4210-AC26-C067D74BB228}.Debug|x64.Build.0 = Debug|x64
		{69410A0F-C150-4210-AC26-C067D74BB228}.Debug|x86.ActiveCfg = Debug|Win32
		{69410A0F-C150-4210-AC26-C067D74BB228}.Debug|x86.Build.0 = Debug|Win32
		{69410A0F-C150-4210-AC26-C067D74BB228}.Release|x64.ActiveCfg = Release|x64
		{69410A0F-C150-4210-AC26-C067D74BB228}.Release|x64.Build.0 = Release|x64
		{69410A0F-C150-4210-AC26-C067D74BB228}.Release|x86.ActiveCfg = Release|Win32
		{69410A0F-C150-4210-AC26-C067D74BB228}.Release|x86.Build.0 = Release|Win32
		{43F0B5D2-8A69-4EF7-9019-33F1B2C2A950}.Debug|x64.ActiveCfg = Debug|x64
		{43F0B5D2-8A69-4EF7-9019-33F1B2C2A950}.Debug|x64.Build.0 = Debug|x64
		{43F0B5D2-8A69-4EF7-9019-33F1B2C2A950}.Debug|x86.ActiveCfg = Debug|Win32
		{43F0B5D2-8A69-4EF7-9019-33F1B2C2A950}.Debug|x86.Build.0 = Debug|Win32
		{43F0B5D2-8A69-4EF7-9019-33F1B2C2A950}.Release|x64.ActiveCfg = Release|x64
		{43F0B5D2-8A69-4EF7-9019-33F1B2C2A950}.Release|x64.Build.0 = Release|x64
		{43F0B5D2-8A69-4EF7-9019-33F1B2C2A950}.Release|x86.ActiveCfg = Release|Win32
		{43F0B5D2-8A69-4EF7-9019-33F1B2C2A950}.Release|x86.Build.0 = Release|Win32
		{DD5087C2-AD39-433B-85BC-6117F68092D3}.Debug|x64.ActiveCfg = Debug|x64
		{DD5087C2-AD39-433B-85BC-6117F68092D3}.Debug|x64.Build.0 = Debug|x64
		{DD5087C2-AD39-433B-85BC-6117F68092D3}.Debug|x86.ActiveCfg = Debug|Win32
		{DD5087C2-AD39-433B-85BC-6117F68092D3}.Debug|x86.Build.0 = Debug|Win32
		{DD5087C2-AD39-433B-85BC-6117F68092D3}.Release|x64.ActiveCfg = Release|x64
		{DD5087C2-AD39-433B-85BC-6117F68092D3}.Release|x64.Build.0 = Release|x64
		{DD5087C2-AD39-433B-85BC-6117F68092D3}.Release|x86.ActiveCfg = Release|Win32
		{DD5087C2-AD39-433B-85BC-6117F68092D3}.Release|x86.Build.0 = Release|Win32
		{0B990BA8-63C7-4674-96EA-3AEF289A3FFE}.Debug|x64.ActiveCfg = Debug|x64
		{0B990BA8-63C7-4674-96EA-3AEF289A3FFE}.Debug|x64.Build.0 = Debug|x64
		{0B990BA8-63C7-4674-96EA-3AEF289A3FFE}.Debug|x86.ActiveCfg = Debug|Win32
		{0B990BA8-63C7-4674-96EA-3AEF289A3FFE}.Debug|x86.Build.0 = Debug|Win32
		{0B990BA8-63C7-4674-96EA-3AEF289A3FFE}.Release|x64.ActiveCfg = Release|x64
		{0B990BA8-63C7-4674-96EA-3AEF289A3FFE}.Release|x64.Build.0 = Release|x64
		{0B990BA8-63C7-4674-96EA-3AEF289A3FFE}.Release|x86.ActiveCfg = Release|Win32
		{0B990BA8-63C7-4674-96EA-3AEF289A3FFE}.Release|x86.Build.0 = Release|Win32
		{5D5D1EC4-A236-4F9E-9BB2-F4296382AB4B}.Debug|x64.ActiveCfg = Debug|x64
		{5D5D1EC4-A236-4F9E-9BB2-F4296382AB4B}.Debug|x64.Build.0 = Debug|x64
		{5D5D1EC4-A236-4F9E-9BB2-F4296382AB4B}.Debug|x86.ActiveCfg = Debug|Win32
		{5D5D1EC4-A236-4F9E-9BB2-F4296382AB4B}.Debug|x86.Build.0 = Debug|Win32
		{5D5D1EC4-A236-4F9E-9BB2-F4296382AB4B}.Release|x64.ActiveCfg = Release|x64
		{5D5D1EC4-A236-4F9E-9BB2-F4296382AB4B}.Release|x64.Build.0 = Release|x64
		{5D5D1EC4-A236-4F9E-9BB2-F4296382AB4B}.Release|x86.ActiveCfg = Release|Win32
		{5D5D1EC4-A236-4F9E-9BB2-F4296382AB4B}.Release|x86.Build.0 = Release|Win32
		{FF48C46E-1B42-438A-A2D0-B4A75C8864EC}.Debug|x64.ActiveCfg = Debug|x64
		{FF48C46E-1B42-438A-A2D0-B4A75C8864EC}.Debug|x64.Build.0 = Debug|x64
		{FF48C46E-1B42-438A-A2D0-B4A75C8864EC}.Debug|x86.ActiveCfg = Debug|Win32
		{FF48C46E-1B42-438A-A2D0-B4A75C8864EC}.Debug|x86.Build.0 = Debug|Win32
		{FF48C46E-1B42-438A-A2D0-B4A75C8864EC}.Release|x64.ActiveCfg = Release|x64
		{FF48C46E-1B42-438A-A2D0-B4A75C8864EC}.Release|x64.Build.0 = Release|x64
		{FF48C46E-1B42-438A-A2D0-B4A75C8864EC}.Release|x86.ActiveCfg = Release|Win32
		{FF48C46E-1B42-438A-A2D0-B4A75C8864EC}.Release|x86.Build.0 = Release|Win32
		{B10013CD-5D52-4A33-8EA1-895FAE758101}.Debug|x64.ActiveCfg = Debug|x64
		{B10013CD-5D52-4A33-8EA1-895FAE758101}.Debug|x64.Build.0 = Debug|x64
		{B10013CD-5D52-4A33-8EA1-895FAE758101}.Debug|x86.ActiveCfg = Debug|Win32
		{B10013CD-5D52-4A33-8EA1-895FAE758101}.Debug|x86.Build.0 = Debug|Win32
		{B10013CD-5D52-4A33-8EA1-895FAE758101}.Release|x64.ActiveCfg = Release|x64
		{B10013CD-5D52-4A33-8EA1-895FAE758101}.Release|x64.Build.0 = Release|x64
		{B10013CD-5D52-4A33-8EA1-895FAE758101}.Release|x86.ActiveCfg = Release|Win32
		{B10013CD-5D52-4A33-8EA1-895FAE758101}.Release|x86.Build.0 = Release|Win32
		{FD7D942A-D1A5-43E2-A93B-8ED2B1B3F1D9}.Debug|x64.ActiveCfg = Debug|x64
		{FD7D942A-D1A5-43E2-A93B-8ED2B1B3F1D9}.Debug|x64.Build.0 = Debug|x64
		{FD7D942A-D1A5-43E2-A93B-8ED2B1B3F1D9}.Debug|x86.ActiveCfg = Debug|Win32
		{FD7D942A-D1A5-43E2-A93B-8ED2B1B3F1D9}.Debug|x86.Build.0 = Debug|Win32
		{FD7D942A-D1A5-43E2-A93B-8ED2B1B3F1D9}.Release|x64.ActiveCfg = Release|x64
		{FD7D942A-D1A5-43E2-A93B-8ED2B1B3F1D9}.Release|x64.Build.0 = Release|x64
		{FD7D942A-D1A5-43E2-A93B-8ED2B1B3F1D9}.Release|x86.ActiveCfg = Release|Win32
		{FD7D942A-D1A5-43E2-A93B-8ED2B1B3F1D9}.Release|x86.Build.0 = Release|Win32
		{5EFA9058-E2AE-4655-8FC1-DD384BF84A02}.Debug|x64.ActiveCfg = Debug|x64
		{5EFA9058-E2AE-4655-8FC1-DD384BF84A02}.Debug|x64.Build.0 = Debug|x64
		{5EFA9058-E2AE-4655-8FC1-DD384BF84A02}.Debug|x86.ActiveCfg = Debug|Win32
		{5EFA9058-E2AE-4655-8FC1-DD384BF84A02}.Debug|x86.Build.0 = Debug|Win32
		{5EFA9058-E2AE-4655-8FC1-DD384BF84A02}.Release|x64.ActiveCfg = Release|x64
		{5EFA9058-E2AE-4655-8FC1-DD384BF84A02}.Release|x64.Build.0 = Release|x64
		{5EFA9058-E2AE-4655-8FC1-DD384BF84A02}.Release|x86.ActiveCfg = Release|Win32
		{5EFA9058-E2AE-4655-8FC1-DD384BF84A02}.Release|x86.Build.0 = Release|Win32
	EndGlobalSection
	GlobalSection(SolutionProperties) = preSolution
		HideSolutionNode = FALSE
	EndGlobalSection
	GlobalSection(ExtensibilityGlobals) = postSolution
		SolutionGuid = {24CCD9EC-C9FD-41EA-BEEB-37BE344329EF}
	EndGlobalSection
EndGlobal
